
Microsoft Visual Studio Solution File, Format Version 12.00
# Visual Studio 15
VisualStudioVersion = 15.0.28010.2016
MinimumVisualStudioVersion = 10.0.40219.1
Project("{FAE04EC0-301F-11D3-BF4B-00C04F79EFBC}") = "MicrosoftVisionApi", "MicrosoftVisionApi\MicrosoftVisionApi.csproj", "{52F10E44-5B0C-41C8-9B94-61FBB137CB11}"
EndProject
Global
	GlobalSection(SolutionConfigurationPlatforms) = preSolution
		Debug|Any CPU = Debug|Any CPU
		Release|Any CPU = Release|Any CPU
	EndGlobalSection
	GlobalSection(ProjectConfigurationPlatforms) = postSolution
		{52F10E44-5B0C-41C8-9B94-61FBB137CB11}.Debug|Any CPU.ActiveCfg = Debug|Any CPU
		{52F10E44-5B0C-41C8-9B94-61FBB137CB11}.Debug|Any CPU.Build.0 = Debug|Any CPU
		{52F10E44-5B0C-41C8-9B94-61FBB137CB11}.Release|Any CPU.ActiveCfg = Release|Any CPU
		{52F10E44-5B0C-41C8-9B94-61FBB137CB11}.Release|Any CPU.Build.0 = Release|Any CPU
	EndGlobalSection
	GlobalSection(SolutionProperties) = preSolution
		HideSolutionNode = FALSE
	EndGlobalSection
	GlobalSection(ExtensibilityGlobals) = postSolution
		SolutionGuid = {4F0C045C-C16D-4908-9842-627DA8ECA4A4}
	EndGlobalSection
EndGlobal
